
Microsoft Visual Studio Solution File, Format Version 11.00
# Visual C# Express 2010
Project("{FAE04EC0-301F-11D3-BF4B-00C04F79EFBC}") = "001MultiplesOf3And5", "001MultiplesOf3And5\001MultiplesOf3And5.csproj", "{E3B355D6-462D-4BE1-AC76-8676191B170C}"
EndProject
Project("{FAE04EC0-301F-11D3-BF4B-00C04F79EFBC}") = "002EvenFibonacciNumbers", "002EvenFibonacciNumbers\002EvenFibonacciNumbers.csproj", "{B54E636B-3C9F-47B4-90E8-7DC0DAF3730B}"
EndProject
Project("{FAE04EC0-301F-11D3-BF4B-00C04F79EFBC}") = "003LargestPrimeFactor", "LargestPrimeFactor\003LargestPrimeFactor.csproj", "{A056F958-30E3-476C-8949-CC299DEA7942}"
EndProject
Project("{FAE04EC0-301F-11D3-BF4B-00C04F79EFBC}") = "004LargestPalindromeProduct", "004LargestPalindromeProduct\004LargestPalindromeProduct.csproj", "{8EFDC0A7-C66C-4ABD-90A6-B14E33D3A41A}"
EndProject
Project("{FAE04EC0-301F-11D3-BF4B-00C04F79EFBC}") = "005SmallestMultiple", "005SmallestMultiple\005SmallestMultiple.csproj", "{6781057F-C5F1-452C-9EC0-E83AA8FFA68D}"
EndProject
Project("{FAE04EC0-301F-11D3-BF4B-00C04F79EFBC}") = "006SumSquareDifference", "006SumSquareDifference\006SumSquareDifference.csproj", "{61370329-552A-4146-AFD9-6221C7DA73E9}"
EndProject
Global
	GlobalSection(SolutionConfigurationPlatforms) = preSolution
		Debug|x86 = Debug|x86
		Release|x86 = Release|x86
	EndGlobalSection
	GlobalSection(ProjectConfigurationPlatforms) = postSolution
		{E3B355D6-462D-4BE1-AC76-8676191B170C}.Debug|x86.ActiveCfg = Debug|x86
		{E3B355D6-462D-4BE1-AC76-8676191B170C}.Debug|x86.Build.0 = Debug|x86
		{E3B355D6-462D-4BE1-AC76-8676191B170C}.Release|x86.ActiveCfg = Release|x86
		{E3B355D6-462D-4BE1-AC76-8676191B170C}.Release|x86.Build.0 = Release|x86
		{B54E636B-3C9F-47B4-90E8-7DC0DAF3730B}.Debug|x86.ActiveCfg = Debug|x86
		{B54E636B-3C9F-47B4-90E8-7DC0DAF3730B}.Debug|x86.Build.0 = Debug|x86
		{B54E636B-3C9F-47B4-90E8-7DC0DAF3730B}.Release|x86.ActiveCfg = Release|x86
		{B54E636B-3C9F-47B4-90E8-7DC0DAF3730B}.Release|x86.Build.0 = Release|x86
		{A056F958-30E3-476C-8949-CC299DEA7942}.Debug|x86.ActiveCfg = Debug|x86
		{A056F958-30E3-476C-8949-CC299DEA7942}.Debug|x86.Build.0 = Debug|x86
		{A056F958-30E3-476C-8949-CC299DEA7942}.Release|x86.ActiveCfg = Release|x86
		{A056F958-30E3-476C-8949-CC299DEA7942}.Release|x86.Build.0 = Release|x86
		{8EFDC0A7-C66C-4ABD-90A6-B14E33D3A41A}.Debug|x86.ActiveCfg = Debug|x86
		{8EFDC0A7-C66C-4ABD-90A6-B14E33D3A41A}.Debug|x86.Build.0 = Debug|x86
		{8EFDC0A7-C66C-4ABD-90A6-B14E33D3A41A}.Release|x86.ActiveCfg = Release|x86
		{8EFDC0A7-C66C-4ABD-90A6-B14E33D3A41A}.Release|x86.Build.0 = Release|x86
		{6781057F-C5F1-452C-9EC0-E83AA8FFA68D}.Debug|x86.ActiveCfg = Debug|x86
		{6781057F-C5F1-452C-9EC0-E83AA8FFA68D}.Debug|x86.Build.0 = Debug|x86
		{6781057F-C5F1-452C-9EC0-E83AA8FFA68D}.Release|x86.ActiveCfg = Release|x86
		{6781057F-C5F1-452C-9EC0-E83AA8FFA68D}.Release|x86.Build.0 = Release|x86
		{61370329-552A-4146-AFD9-6221C7DA73E9}.Debug|x86.ActiveCfg = Debug|x86
		{61370329-552A-4146-AFD9-6221C7DA73E9}.Debug|x86.Build.0 = Debug|x86
		{61370329-552A-4146-AFD9-6221C7DA73E9}.Release|x86.ActiveCfg = Release|x86
		{61370329-552A-4146-AFD9-6221C7DA73E9}.Release|x86.Build.0 = Release|x86
	EndGlobalSection
	GlobalSection(SolutionProperties) = preSolution
		HideSolutionNode = FALSE
	EndGlobalSection
EndGlobal
